// !$*UTF8*$!
{
	archiveVersion = 1;
	classes = {
	};
	objectVersion = 50;
	objects = {

/* Begin PBXBuildFile section */
		440A919F21BBB29100F2035D /* AppDelegate.swift in Sources */ = {isa = PBXBuildFile; fileRef = 440A919E21BBB29100F2035D /* AppDelegate.swift */; };
		440A91A121BBB29100F2035D /* ViewController.swift in Sources */ = {isa = PBXBuildFile; fileRef = 440A91A021BBB29100F2035D /* ViewController.swift */; };
		440A91A421BBB29100F2035D /* Main.storyboard in Resources */ = {isa = PBXBuildFile; fileRef = 440A91A221BBB29100F2035D /* Main.storyboard */; };
		440A91A721BBB29100F2035D /* ShareImageToInstagram.xcdatamodeld in Sources */ = {isa = PBXBuildFile; fileRef = 440A91A521BBB29100F2035D /* ShareImageToInstagram.xcdatamodeld */; };
		440A91A921BBB29300F2035D /* Assets.xcassets in Resources */ = {isa = PBXBuildFile; fileRef = 440A91A821BBB29300F2035D /* Assets.xcassets */; };
		440A91AC21BBB29300F2035D /* LaunchScreen.storyboard in Resources */ = {isa = PBXBuildFile; fileRef = 440A91AA21BBB29300F2035D /* LaunchScreen.storyboard */; };
		440A91B421BBB35000F2035D /* ShareImageInstagram.swift in Sources */ = {isa = PBXBuildFile; fileRef = 440A91B321BBB35000F2035D /* ShareImageInstagram.swift */; };
		440A91B621BBB94A00F2035D /* InstagramManager.swift in Sources */ = {isa = PBXBuildFile; fileRef = 440A91B521BBB94A00F2035D /* InstagramManager.swift */; };
		E8B0743E7B9C32FB1FBCE04F /* Pods_ShareImageToInstagram.framework in Frameworks */ = {isa = PBXBuildFile; fileRef = 19CDFF0E6768C7478B58636B /* Pods_ShareImageToInstagram.framework */; };
/* End PBXBuildFile section */

/* Begin PBXFileReference section */
		149B30117D7A80B38BB3A12B /* Pods-ShareImageToInstagram.release.xcconfig */ = {isa = PBXFileReference; includeInIndex = 1; lastKnownFileType = text.xcconfig; name = "Pods-ShareImageToInstagram.release.xcconfig"; path = "Pods/Target Support Files/Pods-ShareImageToInstagram/Pods-ShareImageToInstagram.release.xcconfig"; sourceTree = "<group>"; };
		19CDFF0E6768C7478B58636B /* Pods_ShareImageToInstagram.framework */ = {isa = PBXFileReference; explicitFileType = wrapper.framework; includeInIndex = 0; path = Pods_ShareImageToInstagram.framework; sourceTree = BUILT_PRODUCTS_DIR; };
		440A919B21BBB29100F2035D /* ShareImageToInstagram.app */ = {isa = PBXFileReference; explicitFileType = wrapper.application; includeInIndex = 0; path = ShareImageToInstagram.app; sourceTree = BUILT_PRODUCTS_DIR; };
		440A919E21BBB29100F2035D /* AppDelegate.swift */ = {isa = PBXFileReference; lastKnownFileType = sourcecode.swift; path = AppDelegate.swift; sourceTree = "<group>"; };
		440A91A021BBB29100F2035D /* ViewController.swift */ = {isa = PBXFileReference; lastKnownFileType = sourcecode.swift; path = ViewController.swift; sourceTree = "<group>"; };
		440A91A321BBB29100F2035D /* Base */ = {isa = PBXFileReference; lastKnownFileType = file.storyboard; name = Base; path = Base.lproj/Main.storyboard; sourceTree = "<group>"; };
		440A91A621BBB29100F2035D /* ShareImageToInstagram.xcdatamodel */ = {isa = PBXFileReference; lastKnownFileType = wrapper.xcdatamodel; path = ShareImageToInstagram.xcdatamodel; sourceTree = "<group>"; };
		440A91A821BBB29300F2035D /* Assets.xcassets */ = {isa = PBXFileReference; lastKnownFileType = folder.assetcatalog; path = Assets.xcassets; sourceTree = "<group>"; };
		440A91AB21BBB29300F2035D /* Base */ = {isa = PBXFileReference; lastKnownFileType = file.storyboard; name = Base; path = Base.lproj/LaunchScreen.storyboard; sourceTree = "<group>"; };
		440A91AD21BBB29300F2035D /* Info.plist */ = {isa = PBXFileReference; lastKnownFileType = text.plist.xml; path = Info.plist; sourceTree = "<group>"; };
		440A91B321BBB35000F2035D /* ShareImageInstagram.swift */ = {isa = PBXFileReference; fileEncoding = 4; lastKnownFileType = sourcecode.swift; path = ShareImageInstagram.swift; sourceTree = "<group>"; };
		440A91B521BBB94A00F2035D /* InstagramManager.swift */ = {isa = PBXFileReference; lastKnownFileType = sourcecode.swift; path = InstagramManager.swift; sourceTree = "<group>"; };
		B4023AAFB6B01740257616B8 /* Pods-ShareImageToInstagram.debug.xcconfig */ = {isa = PBXFileReference; includeInIndex = 1; lastKnownFileType = text.xcconfig; name = "Pods-ShareImageToInstagram.debug.xcconfig"; path = "Pods/Target Support Files/Pods-ShareImageToInstagram/Pods-ShareImageToInstagram.debug.xcconfig"; sourceTree = "<group>"; };
/* End PBXFileReference section */

/* Begin PBXFrameworksBuildPhase section */
		440A919821BBB29100F2035D /* Frameworks */ = {
			isa = PBXFrameworksBuildPhase;
			buildActionMask = 2147483647;
			files = (
				E8B0743E7B9C32FB1FBCE04F /* Pods_ShareImageToInstagram.framework in Frameworks */,
			);
			runOnlyForDeploymentPostprocessing = 0;
		};
/* End PBXFrameworksBuildPhase section */

/* Begin PBXGroup section */
		27FD40F8366272CD49AF6E34 /* Frameworks */ = {
			isa = PBXGroup;
			children = (
				19CDFF0E6768C7478B58636B /* Pods_ShareImageToInstagram.framework */,
			);
			name = Frameworks;
			sourceTree = "<group>";
		};
		440A919221BBB29100F2035D = {
			isa = PBXGroup;
			children = (
				440A919D21BBB29100F2035D /* ShareImageToInstagram */,
				440A919C21BBB29100F2035D /* Products */,
				C37F211D0EB1C169D983F5E7 /* Pods */,
				27FD40F8366272CD49AF6E34 /* Frameworks */,
			);
			sourceTree = "<group>";
		};
		440A919C21BBB29100F2035D /* Products */ = {
			isa = PBXGroup;
			children = (
				440A919B21BBB29100F2035D /* ShareImageToInstagram.app */,
			);
			name = Products;
			sourceTree = "<group>";
		};
		440A919D21BBB29100F2035D /* ShareImageToInstagram */ = {
			isa = PBXGroup;
			children = (
				440A919E21BBB29100F2035D /* AppDelegate.swift */,
				440A91A021BBB29100F2035D /* ViewController.swift */,
				440A91A221BBB29100F2035D /* Main.storyboard */,
				440A91A821BBB29300F2035D /* Assets.xcassets */,
				440A91AA21BBB29300F2035D /* LaunchScreen.storyboard */,
				440A91AD21BBB29300F2035D /* Info.plist */,
				440A91A521BBB29100F2035D /* ShareImageToInstagram.xcdatamodeld */,
				440A91B321BBB35000F2035D /* ShareImageInstagram.swift */,
				440A91B521BBB94A00F2035D /* InstagramManager.swift */,
			);
			path = ShareImageToInstagram;
			sourceTree = "<group>";
		};
		C37F211D0EB1C169D983F5E7 /* Pods */ = {
			isa = PBXGroup;
			children = (
				B4023AAFB6B01740257616B8 /* Pods-ShareImageToInstagram.debug.xcconfig */,
				149B30117D7A80B38BB3A12B /* Pods-ShareImageToInstagram.release.xcconfig */,
			);
			name = Pods;
			sourceTree = "<group>";
		};
/* End PBXGroup section */

/* Begin PBXNativeTarget section */
		440A919A21BBB29100F2035D /* ShareImageToInstagram */ = {
			isa = PBXNativeTarget;
			buildConfigurationList = 440A91B021BBB29300F2035D /* Build configuration list for PBXNativeTarget "ShareImageToInstagram" */;
			buildPhases = (
				B8E435874B326E9D179E4801 /* [CP] Check Pods Manifest.lock */,
				440A919721BBB29100F2035D /* Sources */,
				440A919821BBB29100F2035D /* Frameworks */,
				440A919921BBB29100F2035D /* Resources */,
				C76A55E46C4AAB2A633FB41B /* [CP] Embed Pods Frameworks */,
			);
			buildRules = (
			);
			dependencies = (
			);
			name = ShareImageToInstagram;
			productName = ShareImageToInstagram;
			productReference = 440A919B21BBB29100F2035D /* ShareImageToInstagram.app */;
			productType = "com.apple.product-type.application";
		};
/* End PBXNativeTarget section */

/* Begin PBXProject section */
		440A919321BBB29100F2035D /* Project object */ = {
			isa = PBXProject;
			attributes = {
				LastSwiftUpdateCheck = 1010;
				LastUpgradeCheck = 1010;
				ORGANIZATIONNAME = Suraj;
				TargetAttributes = {
					440A919A21BBB29100F2035D = {
						CreatedOnToolsVersion = 10.1;
					};
				};
			};
			buildConfigurationList = 440A919621BBB29100F2035D /* Build configuration list for PBXProject "ShareImageToInstagram" */;
			compatibilityVersion = "Xcode 9.3";
			developmentRegion = en;
			hasScannedForEncodings = 0;
			knownRegions = (
				en,
				Base,
			);
			mainGroup = 440A919221BBB29100F2035D;
			productRefGroup = 440A919C21BBB29100F2035D /* Products */;
			projectDirPath = "";
			projectRoot = "";
			targets = (
				440A919A21BBB29100F2035D /* ShareImageToInstagram */,
			);
		};
/* End PBXProject section */

/* Begin PBXResourcesBuildPhase section */
		440A919921BBB29100F2035D /* Resources */ = {
			isa = PBXResourcesBuildPhase;
			buildActionMask = 2147483647;
			files = (
				440A91AC21BBB29300F2035D /* LaunchScreen.storyboard in Resources */,
				440A91A921BBB29300F2035D /* Assets.xcassets in Resources */,
				440A91A421BBB29100F2035D /* Main.storyboard in Resources */,
			);
			runOnlyForDeploymentPostprocessing = 0;
		};
/* End PBXResourcesBuildPhase section */

/* Begin PBXShellScriptBuildPhase section */
		B8E435874B326E9D179E4801 /* [CP] Check Pods Manifest.lock */ = {
			isa = PBXShellScriptBuildPhase;
			buildActionMask = 2147483647;
			files = (
			);
			inputPaths = (
				"${PODS_PODFILE_DIR_PATH}/Podfile.lock",
				"${PODS_ROOT}/Manifest.lock",
			);
			name = "[CP] Check Pods Manifest.lock";
			outputPaths = (
				"$(DERIVED_FILE_DIR)/Pods-ShareImageToInstagram-checkManifestLockResult.txt",
			);
			runOnlyForDeploymentPostprocessing = 0;
			shellPath = /bin/sh;
			shellScript = "diff \"${PODS_PODFILE_DIR_PATH}/Podfile.lock\" \"${PODS_ROOT}/Manifest.lock\" > /dev/null\nif [ $? != 0 ] ; then\n    # print error to STDERR\n    echo \"error: The sandbox is not in sync with the Podfile.lock. Run 'pod install' or update your CocoaPods installation.\" >&2\n    exit 1\nfi\n# This output is used by Xcode 'outputs' to avoid re-running this script phase.\necho \"SUCCESS\" > \"${SCRIPT_OUTPUT_FILE_0}\"\n";
			showEnvVarsInLog = 0;
		};
		C76A55E46C4AAB2A633FB41B /* [CP] Embed Pods Frameworks */ = {
			isa = PBXShellScriptBuildPhase;
			buildActionMask = 2147483647;
			files = (
			);
			inputPaths = (
				"${SRCROOT}/Pods/Target Support Files/Pods-ShareImageToInstagram/Pods-ShareImageToInstagram-frameworks.sh",
				"${BUILT_PRODUCTS_DIR}/AFNetworking/AFNetworking.framework",
				"${BUILT_PRODUCTS_DIR}/InstagramKit/InstagramKit.framework",
			);
			name = "[CP] Embed Pods Frameworks";
			outputPaths = (
				"${TARGET_BUILD_DIR}/${FRAMEWORKS_FOLDER_PATH}/AFNetworking.framework",
				"${TARGET_BUILD_DIR}/${FRAMEWORKS_FOLDER_PATH}/InstagramKit.framework",
			);
			runOnlyForDeploymentPostprocessing = 0;
			shellPath = /bin/sh;
			shellScript = "\"${SRCROOT}/Pods/Target Support Files/Pods-ShareImageToInstagram/Pods-ShareImageToInstagram-frameworks.sh\"\n";
			showEnvVarsInLog = 0;
		};
/* End PBXShellScriptBuildPhase section */

/* Begin PBXSourcesBuildPhase section */
		440A919721BBB29100F2035D /* Sources */ = {
			isa = PBXSourcesBuildPhase;
			buildActionMask = 2147483647;
			files = (
				440A91B421BBB35000F2035D /* ShareImageInstagram.swift in Sources */,
				440A91B621BBB94A00F2035D /* InstagramManager.swift in Sources */,
				440A91A121BBB29100F2035D /* ViewController.swift in Sources */,
				440A919F21BBB29100F2035D /* AppDelegate.swift in Sources */,
				440A91A721BBB29100F2035D /* ShareImageToInstagram.xcdatamodeld in Sources */,
			);
			runOnlyForDeploymentPostprocessing = 0;
		};
/* End PBXSourcesBuildPhase section */

/* Begin PBXVariantGroup section */
		440A91A221BBB29100F2035D /* Main.storyboard */ = {
			isa = PBXVariantGroup;
			children = (
				440A91A321BBB29100F2035D /* Base */,
			);
			name = Main.storyboard;
			sourceTree = "<group>";
		};
		440A91AA21BBB29300F2035D /* LaunchScreen.storyboard */ = {
			isa = PBXVariantGroup;
			children = (
				440A91AB21BBB29300F2035D /* Base */,
			);
			name = LaunchScreen.storyboard;
			sourceTree = "<group>";
		};
/* End PBXVariantGroup section */

/* Begin XCBuildConfiguration section */
		440A91AE21BBB29300F2035D /* Debug */ = {
			isa = XCBuildConfiguration;
			buildSettings = {
				ALWAYS_SEARCH_USER_PATHS = NO;
				CLANG_ANALYZER_NONNULL = YES;
				CLANG_ANALYZER_NUMBER_OBJECT_CONVERSION = YES_AGGRESSIVE;
				CLANG_CXX_LANGUAGE_STANDARD = "gnu++14";
				CLANG_CXX_LIBRARY = "libc++";
				CLANG_ENABLE_MODULES = YES;
				CLANG_ENABLE_OBJC_ARC = YES;
				CLANG_ENABLE_OBJC_WEAK = YES;
				CLANG_WARN_BLOCK_CAPTURE_AUTORELEASING = YES;
				CLANG_WARN_BOOL_CONVERSION = YES;
				CLANG_WARN_COMMA = YES;
				CLANG_WARN_CONSTANT_CONVERSION = YES;
				CLANG_WARN_DEPRECATED_OBJC_IMPLEMENTATIONS = YES;
				CLANG_WARN_DIRECT_OBJC_ISA_USAGE = YES_ERROR;
				CLANG_WARN_DOCUMENTATION_COMMENTS = YES;
				CLANG_WARN_EMPTY_BODY = YES;
				CLANG_WARN_ENUM_CONVERSION = YES;
				CLANG_WARN_INFINITE_RECURSION = YES;
				CLANG_WARN_INT_CONVERSION = YES;
				CLANG_WARN_NON_LITERAL_NULL_CONVERSION = YES;
				CLANG_WARN_OBJC_IMPLICIT_RETAIN_SELF = YES;
				CLANG_WARN_OBJC_LITERAL_CONVERSION = YES;
				CLANG_WARN_OBJC_ROOT_CLASS = YES_ERROR;
				CLANG_WARN_RANGE_LOOP_ANALYSIS = YES;
				CLANG_WARN_STRICT_PROTOTYPES = YES;
				CLANG_WARN_SUSPICIOUS_MOVE = YES;
				CLANG_WARN_UNGUARDED_AVAILABILITY = YES_AGGRESSIVE;
				CLANG_WARN_UNREACHABLE_CODE = YES;
				CLANG_WARN__DUPLICATE_METHOD_MATCH = YES;
				CODE_SIGN_IDENTITY = "iPhone Developer";
				COPY_PHASE_STRIP = NO;
				DEBUG_INFORMATION_FORMAT = dwarf;
				ENABLE_STRICT_OBJC_MSGSEND = YES;
				ENABLE_TESTABILITY = YES;
				GCC_C_LANGUAGE_STANDARD = gnu11;
				GCC_DYNAMIC_NO_PIC = NO;
				GCC_NO_COMMON_BLOCKS = YES;
				GCC_OPTIMIZATION_LEVEL = 0;
				GCC_PREPROCESSOR_DEFINITIONS = (
					"DEBUG=1",
					"$(inherited)",
				);
				GCC_WARN_64_TO_32_BIT_CONVERSION = YES;
				GCC_WARN_ABOUT_RETURN_TYPE = YES_ERROR;
				GCC_WARN_UNDECLARED_SELECTOR = YES;
				GCC_WARN_UNINITIALIZED_AUTOS = YES_AGGRESSIVE;
				GCC_WARN_UNUSED_FUNCTION = YES;
				GCC_WARN_UNUSED_VARIABLE = YES;
				IPHONEOS_DEPLOYMENT_TARGET = 12.1;
				MTL_ENABLE_DEBUG_INFO = INCLUDE_SOURCE;
				MTL_FAST_MATH = YES;
				ONLY_ACTIVE_ARCH = YES;
				SDKROOT = iphoneos;
				SWIFT_ACTIVE_COMPILATION_CONDITIONS = DEBUG;
				SWIFT_OPTIMIZATION_LEVEL = "-Onone";
			};
			name = Debug;
		};
		440A91AF21BBB29300F2035D /* Release */ = {
			isa = XCBuildConfiguration;
			buildSettings = {
				ALWAYS_SEARCH_USER_PATHS = NO;
				CLANG_ANALYZER_NONNULL = YES;
				CLANG_ANALYZER_NUMBER_OBJECT_CONVERSION = YES_AGGRESSIVE;
				CLANG_CXX_LANGUAGE_STANDARD = "gnu++14";
				CLANG_CXX_LIBRARY = "libc++";
				CLANG_ENABLE_MODULES = YES;
				CLANG_ENABLE_OBJC_ARC = YES;
				CLANG_ENABLE_OBJC_WEAK = YES;
				CLANG_WARN_BLOCK_CAPTURE_AUTORELEASING = YES;
				CLANG_WARN_BOOL_CONVERSION = YES;
				CLANG_WARN_COMMA = YES;
				CLANG_WARN_CONSTANT_CONVERSION = YES;
				CLANG_WARN_DEPRECATED_OBJC_IMPLEMENTATIONS = YES;
				CLANG_WARN_DIRECT_OBJC_ISA_USAGE = YES_ERROR;
				CLANG_WARN_DOCUMENTATION_COMMENTS = YES;
				CLANG_WARN_EMPTY_BODY = YES;
				CLANG_WARN_ENUM_CONVERSION = YES;
				CLANG_WARN_INFINITE_RECURSION = YES;
				CLANG_WARN_INT_CONVERSION = YES;
				CLANG_WARN_NON_LITERAL_NULL_CONVERSION = YES;
				CLANG_WARN_OBJC_IMPLICIT_RETAIN_SELF = YES;
				CLANG_WARN_OBJC_LITERAL_CONVERSION = YES;
				CLANG_WARN_OBJC_ROOT_CLASS = YES_ERROR;
				CLANG_WARN_RANGE_LOOP_ANALYSIS = YES;
				CLANG_WARN_STRICT_PROTOTYPES = YES;
				CLANG_WARN_SUSPICIOUS_MOVE = YES;
				CLANG_WARN_UNGUARDED_AVAILABILITY = YES_AGGRESSIVE;
				CLANG_WARN_UNREACHABLE_CODE = YES;
				CLANG_WARN__DUPLICATE_METHOD_MATCH = YES;
				CODE_SIGN_IDENTITY = "iPhone Developer";
				COPY_PHASE_STRIP = NO;
				DEBUG_INFORMATION_FORMAT = "dwarf-with-dsym";
				ENABLE_NS_ASSERTIONS = NO;
				ENABLE_STRICT_OBJC_MSGSEND = YES;
				GCC_C_LANGUAGE_STANDARD = gnu11;
				GCC_NO_COMMON_BLOCKS = YES;
				GCC_WARN_64_TO_32_BIT_CONVERSION = YES;
				GCC_WARN_ABOUT_RETURN_TYPE = YES_ERROR;
				GCC_WARN_UNDECLARED_SELECTOR = YES;
				GCC_WARN_UNINITIALIZED_AUTOS = YES_AGGRESSIVE;
				GCC_WARN_UNUSED_FUNCTION = YES;
				GCC_WARN_UNUSED_VARIABLE = YES;
				IPHONEOS_DEPLOYMENT_TARGET = 12.1;
				MTL_ENABLE_DEBUG_INFO = NO;
				MTL_FAST_MATH = YES;
				SDKROOT = iphoneos;
				SWIFT_COMPILATION_MODE = wholemodule;
				SWIFT_OPTIMIZATION_LEVEL = "-O";
				VALIDATE_PRODUCT = YES;
			};
			name = Release;
		};
		440A91B121BBB29300F2035D /* Debug */ = {
			isa = XCBuildConfiguration;
			baseConfigurationReference = B4023AAFB6B01740257616B8 /* Pods-ShareImageToInstagram.debug.xcconfig */;
			buildSettings = {
				ASSETCATALOG_COMPILER_APPICON_NAME = AppIcon;
				CODE_SIGN_STYLE = Manual;
				DEVELOPMENT_TEAM = A2664VY9ZR;
				INFOPLIST_FILE = ShareImageToInstagram/Info.plist;
				LD_RUNPATH_SEARCH_PATHS = (
					"$(inherited)",
					"@executable_path/Frameworks",
				);
				PRODUCT_BUNDLE_IDENTIFIER = com.navsoft.pushNotification;
				PRODUCT_NAME = "$(TARGET_NAME)";
				PROVISIONING_PROFILE_SPECIFIER = ZeilikDev;
				SWIFT_VERSION = 4.2;
				TARGETED_DEVICE_FAMILY = "1,2";
			};
			name = Debug;
		};
		440A91B221BBB29300F2035D /* Release */ = {
			isa = XCBuildConfiguration;
			baseConfigurationReference = 149B30117D7A80B38BB3A12B /* Pods-ShareImageToInstagram.release.xcconfig */;
			buildSettings = {
				ASSETCATALOG_COMPILER_APPICON_NAME = AppIcon;
				CODE_SIGN_STYLE = Manual;
				DEVELOPMENT_TEAM = "";
				INFOPLIST_FILE = ShareImageToInstagram/Info.plist;
				LD_RUNPATH_SEARCH_PATHS = (
					"$(inherited)",
					"@executable_path/Frameworks",
				);
				PRODUCT_BUNDLE_IDENTIFIER = com.navsoft.pushNotification;
				PRODUCT_NAME = "$(TARGET_NAME)";
				PROVISIONING_PROFILE_SPECIFIER = "";
				SWIFT_VERSION = 4.2;
				TARGETED_DEVICE_FAMILY = "1,2";
			};
			name = Release;
		};
/* End XCBuildConfiguration section */

/* Begin XCConfigurationList section */
		440A919621BBB29100F2035D /* Build configuration list for PBXProject "ShareImageToInstagram" */ = {
			isa = XCConfigurationList;
			buildConfigurations = (
				440A91AE21BBB29300F2035D /* Debug */,
				440A91AF21BBB29300F2035D /* Release */,
			);
			defaultConfigurationIsVisible = 0;
			defaultConfigurationName = Release;
		};
		440A91B021BBB29300F2035D /* Build configuration list for PBXNativeTarget "ShareImageToInstagram" */ = {
			isa = XCConfigurationList;
			buildConfigurations = (
				440A91B121BBB29300F2035D /* Debug */,
				440A91B221BBB29300F2035D /* Release */,
			);
			defaultConfigurationIsVisible = 0;
			defaultConfigurationName = Release;
		};
/* End XCConfigurationList section */

/* Begin XCVersionGroup section */
		440A91A521BBB29100F2035D /* ShareImageToInstagram.xcdatamodeld */ = {
			isa = XCVersionGroup;
			children = (
				440A91A621BBB29100F2035D /* ShareImageToInstagram.xcdatamodel */,
			);
			currentVersion = 440A91A621BBB29100F2035D /* ShareImageToInstagram.xcdatamodel */;
			path = ShareImageToInstagram.xcdatamodeld;
			sourceTree = "<group>";
			versionGroupType = wrapper.xcdatamodel;
		};
/* End XCVersionGroup section */
	};
	rootObject = 440A919321BBB29100F2035D /* Project object */;
}
